
Microsoft Visual Studio Solution File, Format Version 12.00
# Visual Studio Version 17
VisualStudioVersion = 17.7.34031.279
MinimumVisualStudioVersion = 10.0.40219.1
Project("{FAE04EC0-301F-11D3-BF4B-00C04F79EFBC}") = "Market", "Market\Market.csproj", "{34A39DC1-B2CF-4765-81E1-54A4AE7BA251}"
EndProject
Global
	GlobalSection(SolutionConfigurationPlatforms) = preSolution
		All|Any CPU = All|Any CPU
		Debug|Any CPU = Debug|Any CPU
		Release|Any CPU = Release|Any CPU
	EndGlobalSection
	GlobalSection(ProjectConfigurationPlatforms) = postSolution
		{34A39DC1-B2CF-4765-81E1-54A4AE7BA251}.All|Any CPU.ActiveCfg = Release|Any CPU
		{34A39DC1-B2CF-4765-81E1-54A4AE7BA251}.All|Any CPU.Build.0 = Release|Any CPU
		{34A39DC1-B2CF-4765-81E1-54A4AE7BA251}.Debug|Any CPU.ActiveCfg = Debug|Any CPU
		{34A39DC1-B2CF-4765-81E1-54A4AE7BA251}.Debug|Any CPU.Build.0 = Debug|Any CPU
		{34A39DC1-B2CF-4765-81E1-54A4AE7BA251}.Release|Any CPU.ActiveCfg = Release|Any CPU
		{34A39DC1-B2CF-4765-81E1-54A4AE7BA251}.Release|Any CPU.Build.0 = Release|Any CPU
	EndGlobalSection
	GlobalSection(SolutionProperties) = preSolution
		HideSolutionNode = FALSE
	EndGlobalSection
	GlobalSection(ExtensibilityGlobals) = postSolution
		SolutionGuid = {E362A929-E240-47DB-B27D-311AC8EFB5B8}
	EndGlobalSection
EndGlobal
